# THIS IS AN AUTOGENERATED FILE. DO NOT EDIT THIS FILE DIRECTLY.
# yarn lockfile v1


"@discordjs/builders@^0.8.1":
  version "0.8.2"
  resolved "https://registry.yarnpkg.com/@discordjs/builders/-/builders-0.8.2.tgz#c3ef99caa9ebe70a4196b987011d90136c71054a"
  integrity sha512-/YRd11SrcluqXkKppq/FAVzLIPRVlIVmc6X8ZklspzMIHDtJ+A4W37D43SHvLdH//+NnK+SHW/WeOF4Ts54PeQ==
  dependencies:
    "@sindresorhus/is" "^4.2.0"
    discord-api-types "^0.24.0"
    ow "^0.27.0"
    ts-mixer "^6.0.0"
    tslib "^2.3.1"

"@discordjs/builders@^0.9.0":
  version "0.9.0"
  resolved "https://registry.yarnpkg.com/@discordjs/builders/-/builders-0.9.0.tgz#1ca17677e7c180d4f266191596e17e9633180417"
  integrity sha512-XM/5yrTxMF0SDKza32YzGDQO1t+qEJTaF8Zvxu/UOjzoqzMPPGQBjC1VgZxz8/CBLygW5qI+UVygMa88z13G3g==
  dependencies:
    "@sindresorhus/is" "^4.2.0"
    discord-api-types "^0.24.0"
    ts-mixer "^6.0.0"
    tslib "^2.3.1"
    zod "^3.11.6"

"@discordjs/collection@^0.1.6":
  version "0.1.6"
  resolved "https://registry.yarnpkg.com/@discordjs/collection/-/collection-0.1.6.tgz#9e9a7637f4e4e0688fd8b2b5c63133c91607682c"
  integrity sha512-utRNxnd9kSS2qhyivo9lMlt5qgAUasH2gb7BEOn6p0efFh24gjGomHzWKMAPn2hEReOPQZCJaRKoURwRotKucQ==

"@discordjs/collection@^0.3.2":
  version "0.3.2"
  resolved "https://registry.yarnpkg.com/@discordjs/collection/-/collection-0.3.2.tgz#3c271dd8a93dad89b186d330e24dbceaab58424a"
  integrity sha512-dMjLl60b2DMqObbH1MQZKePgWhsNe49XkKBZ0W5Acl5uVV43SN414i2QfZwRI7dXAqIn8pEWD2+XXQFn9KWxqg==

"@discordjs/form-data@^3.0.1":
  version "3.0.1"
  resolved "https://registry.yarnpkg.com/@discordjs/form-data/-/form-data-3.0.1.tgz#5c9e6be992e2e57d0dfa0e39979a850225fb4697"
  integrity sha512-ZfFsbgEXW71Rw/6EtBdrP5VxBJy4dthyC0tpQKGKmYFImlmmrykO14Za+BiIVduwjte0jXEBlhSKf0MWbFp9Eg==
  dependencies:
    asynckit "^0.4.0"
    combined-stream "^1.0.8"
    mime-types "^2.1.12"

"@discordjs/rest@^0.1.0-canary.0":
  version "0.1.0-canary.0"
  resolved "https://registry.yarnpkg.com/@discordjs/rest/-/rest-0.1.0-canary.0.tgz#666f9a1a0c1f2f5a09a3a79f77aeddaeafbcbcc1"
  integrity sha512-d+s//ISYVV+e0w/926wMEeO7vju+Pn11x1JM4tcmVMCHSDgpi6pnFCNAXF1TEdnDcy7xf9tq5cf2pQkb/7ySTQ==
  dependencies:
    "@discordjs/collection" "^0.1.6"
    "@sapphire/async-queue" "^1.1.4"
    "@sapphire/snowflake" "^1.3.5"
    abort-controller "^3.0.0"
    discord-api-types "^0.18.1"
    form-data "^4.0.0"
    node-fetch "^2.6.1"
    tslib "^2.3.0"

"@sapphire/async-queue@^1.1.4", "@sapphire/async-queue@^1.1.8":
  version "1.1.9"
  resolved "https://registry.yarnpkg.com/@sapphire/async-queue/-/async-queue-1.1.9.tgz#ce69611c8753c4affd905a7ef43061c7eb95c01b"
  integrity sha512-CbXaGwwlEMq+l1TRu01FJCvySJ1CEFKFclHT48nIfNeZXaAAmmwwy7scUKmYHPUa3GhoMp6Qr1B3eAJux6XgOQ==

"@sapphire/snowflake@^1.3.5":
  version "1.3.6"
  resolved "https://registry.yarnpkg.com/@sapphire/snowflake/-/snowflake-1.3.6.tgz#166e8c5c08d01c861edd7e2edc80b5739741715f"
  integrity sha512-QnzuLp+p9D7agynVub/zqlDVriDza9y3STArBhNiNBUgIX8+GL5FpQxstRfw1jDr5jkZUjcuKYAHxjIuXKdJAg==

"@sindresorhus/is@^4.0.1", "@sindresorhus/is@^4.2.0":
  version "4.2.0"
  resolved "https://registry.yarnpkg.com/@sindresorhus/is/-/is-4.2.0.tgz#667bfc6186ae7c9e0b45a08960c551437176e1ca"
  integrity sha512-VkE3KLBmJwcCaVARtQpfuKcKv8gcBmUubrfHGF84dXuuW6jgsRYxPtzcIhPyK9WAPpRt2/xY6zkD9MnRaJzSyw==

"@types/dateformat@^5.0.0":
  version "5.0.0"
  resolved "https://registry.yarnpkg.com/@types/dateformat/-/dateformat-5.0.0.tgz#17ce64b0318f3f36d1c830c58a7a915445f1f93d"
  integrity sha512-SZg4JdHIWHQGEokbYGZSDvo5wA4TLYPXaqhigs/wH+REDOejcJzgH+qyY+HtEUtWOZxEUkbhbdYPqQDiEgrXeA==

"@types/node-fetch@^2.5.12":
  version "2.5.12"
  resolved "https://registry.yarnpkg.com/@types/node-fetch/-/node-fetch-2.5.12.tgz#8a6f779b1d4e60b7a57fb6fd48d84fb545b9cc66"
  integrity sha512-MKgC4dlq4kKNa/mYrwpKfzQMB5X3ee5U6fSprkKpToBqBmX4nFZL9cW5jl6sWn+xpRJ7ypWh2yyqqr8UUCstSw==
  dependencies:
    "@types/node" "*"
    form-data "^3.0.0"

"@types/node@*":
  version "16.11.11"
  resolved "https://registry.yarnpkg.com/@types/node/-/node-16.11.11.tgz#6ea7342dfb379ea1210835bada87b3c512120234"
  integrity sha512-KB0sixD67CeecHC33MYn+eYARkqTheIRNuu97y2XMjR7Wu3XibO1vaY6VBV6O/a89SPI81cEUIYT87UqUWlZNw==

"@types/uuid@^8.3.3":
  version "8.3.3"
  resolved "https://registry.yarnpkg.com/@types/uuid/-/uuid-8.3.3.tgz#c6a60686d953dbd1b1d45e66f4ecdbd5d471b4d0"
  integrity sha512-0LbEEx1zxrYB3pgpd1M5lEhLcXjKJnYghvhTRgaBeUivLHMDM1TzF3IJ6hXU2+8uA4Xz+5BA63mtZo5DjVT8iA==

"@types/ws@^8.2.0":
  version "8.2.1"
  resolved "https://registry.yarnpkg.com/@types/ws/-/ws-8.2.1.tgz#7bdf6b12869726c9f3cc3c48485efea5d4505274"
  integrity sha512-SqQ+LhVZaJi7c7sYVkjWALDigi/Wy7h7Iu72gkQp8Y8OWw/DddEVBrTSKu86pQftV2+Gm8lYM61hadPKqyaIeg==
  dependencies:
    "@types/node" "*"

abort-controller@^3.0.0:
  version "3.0.0"
  resolved "https://registry.yarnpkg.com/abort-controller/-/abort-controller-3.0.0.tgz#eaf54d53b62bae4138e809ca225c8439a6efb392"
  integrity sha512-h8lQ8tacZYnR3vNQTgibj+tODHI5/+l06Au2Pcriv/Gmet0eaj4TwWH41sO9wnHDiQsEj19q0drzdWdeAHtweg==
  dependencies:
    event-target-shim "^5.0.0"

asynckit@^0.4.0:
  version "0.4.0"
  resolved "https://registry.yarnpkg.com/asynckit/-/asynckit-0.4.0.tgz#c79ed97f7f34cb8f2ba1bc9790bcc366474b4b79"
  integrity sha1-x57Zf380y48robyXkLzDZkdLS3k=

atomic-sleep@^1.0.0:
  version "1.0.0"
  resolved "https://registry.yarnpkg.com/atomic-sleep/-/atomic-sleep-1.0.0.tgz#eb85b77a601fc932cfe432c5acd364a9e2c9075b"
  integrity sha512-kNOjDqAh7px0XWNI+4QbzoiR/nTkHAWNud2uvnJquD1/x5a7EQZMJT0AczqK0Qn67oY/TTQ1LbUKajZpp3I9tQ==

buffer-alloc-unsafe@^1.1.0:
  version "1.1.0"
  resolved "https://registry.yarnpkg.com/buffer-alloc-unsafe/-/buffer-alloc-unsafe-1.1.0.tgz#bd7dc26ae2972d0eda253be061dba992349c19f0"
  integrity sha512-TEM2iMIEQdJ2yjPJoSIsldnleVaAk1oW3DBVUykyOLsEsFmEc9kn+SFFPz+gl54KQNxlDnAwCXosOS9Okx2xAg==

buffer-alloc@^1.2.0:
  version "1.2.0"
  resolved "https://registry.yarnpkg.com/buffer-alloc/-/buffer-alloc-1.2.0.tgz#890dd90d923a873e08e10e5fd51a57e5b7cce0ec"
  integrity sha512-CFsHQgjtW1UChdXgbyJGtnm+O/uLQeZdtbDo8mfUgYXCHSM1wgrVxXm6bSyrUuErEb+4sYVGCzASBRot7zyrow==
  dependencies:
    buffer-alloc-unsafe "^1.1.0"
    buffer-fill "^1.0.0"

buffer-fill@^1.0.0:
  version "1.0.0"
  resolved "https://registry.yarnpkg.com/buffer-fill/-/buffer-fill-1.0.0.tgz#f8f78b76789888ef39f205cd637f68e702122b2c"
  integrity sha1-+PeLdniYiO858gXNY39o5wISKyw=

callsites@^3.1.0:
  version "3.1.0"
  resolved "https://registry.yarnpkg.com/callsites/-/callsites-3.1.0.tgz#b3630abd8943432f54b3f0519238e33cd7df2f73"
  integrity sha512-P8BjAsXvZS+VIDUI11hHCQEv74YT67YUi5JJFNWIqL235sBmjX4+qx9Muvls5ivyNENctx46xQLQ3aTuE7ssaQ==

combined-stream@^1.0.8:
  version "1.0.8"
  resolved "https://registry.yarnpkg.com/combined-stream/-/combined-stream-1.0.8.tgz#c3d45a8b34fd730631a110a8a2520682b31d5a7f"
  integrity sha512-FQN4MRfuJeHf7cBbBMJFXhKSDq+2kAArBlmRBvcvFE5BB1HZKXtSFASDhdlz9zOYwxh8lDdnvmMOe/+5cdoEdg==
  dependencies:
    delayed-stream "~1.0.0"

data-uri-to-buffer@^4.0.0:
  version "4.0.0"
  resolved "https://registry.yarnpkg.com/data-uri-to-buffer/-/data-uri-to-buffer-4.0.0.tgz#b5db46aea50f6176428ac05b73be39a57701a64b"
  integrity sha512-Vr3mLBA8qWmcuschSLAOogKgQ/Jwxulv3RNE4FXnYWRGujzrRWQI4m12fQqRkwX06C0KanhLr4hK+GydchZsaA==

dateformat@^5.0.2:
  version "5.0.2"
  resolved "https://registry.yarnpkg.com/dateformat/-/dateformat-5.0.2.tgz#0f275609b02e3306ff76d6a2067a6ebb98e6114b"
  integrity sha512-h9vywpuz+ReixnJTwFx5JLtZpS8eLCbRm8shwwKkCKOZA547N6yoMtD3W91Z6+NFZ8wOaZlcaCcK/w+kELhSVg==

debug@^4.3.1:
  version "4.3.3"
  resolved "https://registry.yarnpkg.com/debug/-/debug-4.3.3.tgz#04266e0b70a98d4462e6e288e38259213332b664"
  integrity sha512-/zxw5+vh1Tfv+4Qn7a5nsbcJKPaSvCDhojn6FEl9vupwK2VCSDtEiEtqr8DFtzYFOdz63LBkxec7DYuc2jon6Q==
  dependencies:
    ms "2.1.2"

delayed-stream@~1.0.0:
  version "1.0.0"
  resolved "https://registry.yarnpkg.com/delayed-stream/-/delayed-stream-1.0.0.tgz#df3ae199acadfb7d440aaae0b29e2272b24ec619"
  integrity sha1-3zrhmayt+31ECqrgsp4icrJOxhk=

discord-api-types@^0.18.1:
  version "0.18.1"
  resolved "https://registry.yarnpkg.com/discord-api-types/-/discord-api-types-0.18.1.tgz#5d08ed1263236be9c21a22065d0e6b51f790f492"
  integrity sha512-hNC38R9ZF4uaujaZQtQfm5CdQO58uhdkoHQAVvMfIL0LgOSZeW575W8H6upngQOuoxWd8tiRII3LLJm9zuQKYg==

discord-api-types@^0.24.0:
  version "0.24.0"
  resolved "https://registry.yarnpkg.com/discord-api-types/-/discord-api-types-0.24.0.tgz#9e429b8a1ddb4147134dfb3109093422de7ec549"
  integrity sha512-X0uA2a92cRjowUEXpLZIHWl4jiX1NsUpDhcEOpa1/hpO1vkaokgZ8kkPtPih9hHth5UVQ3mHBu/PpB4qjyfJ4A==

discord-api-types@^0.25.2:
  version "0.25.2"
  resolved "https://registry.yarnpkg.com/discord-api-types/-/discord-api-types-0.25.2.tgz#e50ed152e6d48fe7963f5de1002ca6f2df57c61b"
  integrity sha512-O243LXxb5gLLxubu5zgoppYQuolapGVWPw3ll0acN0+O8TnPUE2kFp9Bt3sTRYodw8xFIknOVxjSeyWYBpVcEQ==

discord.js@^13.3.1:
  version "13.3.1"
  resolved "https://registry.yarnpkg.com/discord.js/-/discord.js-13.3.1.tgz#94fe05bc3ec0a3e4761e4f312a2a418c29721ab6"
  integrity sha512-zn4G8tL5+tMV00+0aSsVYNYcIfMSdT2g0nudKny+Ikd+XKv7m6bqI7n3Vji0GIRqXDr5ArPaw+iYFM2I1Iw3vg==
  dependencies:
    "@discordjs/builders" "^0.8.1"
    "@discordjs/collection" "^0.3.2"
    "@discordjs/form-data" "^3.0.1"
    "@sapphire/async-queue" "^1.1.8"
    "@types/node-fetch" "^2.5.12"
    "@types/ws" "^8.2.0"
    discord-api-types "^0.24.0"
    node-fetch "^2.6.1"
    ws "^8.2.3"

dot-prop@^6.0.1:
  version "6.0.1"
  resolved "https://registry.yarnpkg.com/dot-prop/-/dot-prop-6.0.1.tgz#fc26b3cf142b9e59b74dbd39ed66ce620c681083"
  integrity sha512-tE7ztYzXHIeyvc7N+hR3oi7FIbf/NIjVP9hmAt3yMXzrQ072/fpjGLx2GxNxGxUl5V73MEqYzioOMoVhGMJ5cA==
  dependencies:
    is-obj "^2.0.0"

duplexify@^4.1.2:
  version "4.1.2"
  resolved "https://registry.yarnpkg.com/duplexify/-/duplexify-4.1.2.tgz#18b4f8d28289132fa0b9573c898d9f903f81c7b0"
  integrity sha512-fz3OjcNCHmRP12MJoZMPglx8m4rrFP8rovnk4vT8Fs+aonZoCwGg10dSsQsfP/E62eZcPTMSMP6686fu9Qlqtw==
  dependencies:
    end-of-stream "^1.4.1"
    inherits "^2.0.3"
    readable-stream "^3.1.1"
    stream-shift "^1.0.0"

end-of-stream@^1.4.1:
  version "1.4.4"
  resolved "https://registry.yarnpkg.com/end-of-stream/-/end-of-stream-1.4.4.tgz#5ae64a5f45057baf3626ec14da0ca5e4b2431eb0"
  integrity sha512-+uw1inIHVPQoaVuHzRyXd21icM+cnt4CzD5rW+NC1wjOUSTOs+Te7FOv7AhN7vS9x/oIyhLP5PR1H+phQAHu5Q==
  dependencies:
    once "^1.4.0"

event-target-shim@^5.0.0:
  version "5.0.1"
  resolved "https://registry.yarnpkg.com/event-target-shim/-/event-target-shim-5.0.1.tgz#5d4d3ebdf9583d63a5333ce2deb7480ab2b05789"
  integrity sha512-i/2XbnSz/uxRCU6+NdVJgKWDTM427+MqYbkQzD321DuCQJUqOuJKIA0IM2+W2xtYHdKOmZ4dR6fExsd4SXL+WQ==

fast-redact@^3.0.0:
  version "3.0.2"
  resolved "https://registry.yarnpkg.com/fast-redact/-/fast-redact-3.0.2.tgz#c940ba7162dde3aeeefc522926ae8c5231412904"
  integrity sha512-YN+CYfCVRVMUZOUPeinHNKgytM1wPI/C/UCLEi56EsY2dwwvI00kIJHJoI7pMVqGoMew8SMZ2SSfHKHULHXDsg==

fastify-warning@^0.2.0:
  version "0.2.0"
  resolved "https://registry.yarnpkg.com/fastify-warning/-/fastify-warning-0.2.0.tgz#e717776026a4493dc9a2befa44db6d17f618008f"
  integrity sha512-s1EQguBw/9qtc1p/WTY4eq9WMRIACkj+HTcOIK1in4MV5aFaQC9ZCIt0dJ7pr5bIf4lPpHvAtP2ywpTNgs7hqw==

fetch-blob@^3.1.2:
  version "3.1.3"
  resolved "https://registry.yarnpkg.com/fetch-blob/-/fetch-blob-3.1.3.tgz#a7dca4855e39d3e3c5a1da62d4ee335c37d26012"
  integrity sha512-ax1Y5I9w+9+JiM+wdHkhBoxew+zG4AJ2SvAD1v1szpddUIiPERVGBxrMcB2ZqW0Y3PP8bOWYv2zqQq1Jp2kqUQ==
  dependencies:
    web-streams-polyfill "^3.0.3"

form-data@^3.0.0:
  version "3.0.1"
  resolved "https://registry.yarnpkg.com/form-data/-/form-data-3.0.1.tgz#ebd53791b78356a99af9a300d4282c4d5eb9755f"
  integrity sha512-RHkBKtLWUVwd7SqRIvCZMEvAMoGUp0XU+seQiZejj0COz3RI3hWP4sCv3gZWWLjJTd7rGwcsF5eKZGii0r/hbg==
  dependencies:
    asynckit "^0.4.0"
    combined-stream "^1.0.8"
    mime-types "^2.1.12"

form-data@^4.0.0:
  version "4.0.0"
  resolved "https://registry.yarnpkg.com/form-data/-/form-data-4.0.0.tgz#93919daeaf361ee529584b9b31664dc12c9fa452"
  integrity sha512-ETEklSGi5t0QMZuiXoA/Q6vcnxcLQP5vdugSpuAyi6SVGi2clPPp+xgEhuMaHC+zGgn31Kd235W35f7Hykkaww==
  dependencies:
    asynckit "^0.4.0"
    combined-stream "^1.0.8"
    mime-types "^2.1.12"

formdata-polyfill@^4.0.10:
  version "4.0.10"
  resolved "https://registry.yarnpkg.com/formdata-polyfill/-/formdata-polyfill-4.0.10.tgz#24807c31c9d402e002ab3d8c720144ceb8848423"
  integrity sha512-buewHzMvYL29jdeQTVILecSaZKnt/RJWjoZCF5OW60Z67/GmSLBkOFM7qh1PI3zFNtJbaZL5eQu1vLfazOwj4g==
  dependencies:
    fetch-blob "^3.1.2"

get-caller-file@^2.0.5:
  version "2.0.5"
  resolved "https://registry.yarnpkg.com/get-caller-file/-/get-caller-file-2.0.5.tgz#4f94412a82db32f36e3b0b9741f8a97feb031f7e"
  integrity sha512-DyFP3BM/3YHTQOCUL/w0OZHR0lpKeGrxotcHWcqNEdnltqFwXVfhEBQ94eIo34AfQpo0rGki4cyIiftY06h2Fg==

inherits@^2.0.3:
  version "2.0.4"
  resolved "https://registry.yarnpkg.com/inherits/-/inherits-2.0.4.tgz#0fa2c64f932917c3433a0ded55363aae37416b7c"
  integrity sha512-k/vGaX4/Yla3WzyMCvTQOXYeIHvqOKtnqBduzTHpzpQZzAskKMhZ2K+EnBiSM9zGSoIFeMpXKxa4dYeZIQqewQ==

is-obj@^2.0.0:
  version "2.0.0"
  resolved "https://registry.yarnpkg.com/is-obj/-/is-obj-2.0.0.tgz#473fb05d973705e3fd9620545018ca8e22ef4982"
  integrity sha512-drqDG3cbczxxEJRoOXcOjtdp1J/lyp1mNn0xaznRs8+muBhgQcrnbspox5X5fOw0HnMnbfDzvnEMEtqDEJEo8w==

lodash.isequal@^4.5.0:
  version "4.5.0"
  resolved "https://registry.yarnpkg.com/lodash.isequal/-/lodash.isequal-4.5.0.tgz#415c4478f2bcc30120c22ce10ed3226f7d3e18e0"
  integrity sha1-QVxEePK8wwEgwizhDtMib30+GOA=

mime-db@1.51.0:
  version "1.51.0"
  resolved "https://registry.yarnpkg.com/mime-db/-/mime-db-1.51.0.tgz#d9ff62451859b18342d960850dc3cfb77e63fb0c"
  integrity sha512-5y8A56jg7XVQx2mbv1lu49NR4dokRnhZYTtL+KGfaa27uq4pSTXkwQkFJl4pkRMyNFz/EtYDSkiiEHx3F7UN6g==

mime-types@^2.1.12:
  version "2.1.34"
  resolved "https://registry.yarnpkg.com/mime-types/-/mime-types-2.1.34.tgz#5a712f9ec1503511a945803640fafe09d3793c24"
  integrity sha512-6cP692WwGIs9XXdOO4++N+7qjqv0rqxxVvJ3VHPh/Sc9mVZcQP+ZGhkKiTvWMQRr2tbHkJP/Yn7Y0npb3ZBs4A==
  dependencies:
    mime-db "1.51.0"

minimist@^1.2.5:
  version "1.2.5"
  resolved "https://registry.yarnpkg.com/minimist/-/minimist-1.2.5.tgz#67d66014b66a6a8aaa0c083c5fd58df4e4e97602"
  integrity sha512-FM9nNUYrRBAELZQT3xeZQ7fmMOBg6nWNmJKTcgsJeaLstP/UODVpGsr5OhXhhXg6f+qtJ8uiZ+PUxkDWcgIXLw==

module-alias@^2.2.2:
  version "2.2.2"
  resolved "https://registry.yarnpkg.com/module-alias/-/module-alias-2.2.2.tgz#151cdcecc24e25739ff0aa6e51e1c5716974c0e0"
  integrity sha512-A/78XjoX2EmNvppVWEhM2oGk3x4lLxnkEA4jTbaK97QKSDjkIoOsKQlfylt/d3kKKi596Qy3NP5XrXJ6fZIC9Q==

ms@2.1.2:
  version "2.1.2"
  resolved "https://registry.yarnpkg.com/ms/-/ms-2.1.2.tgz#d09d1f357b443f493382a8eb3ccd183872ae6009"
  integrity sha512-sGkPx+VjMtmA6MX27oA4FBFELFCZZ4S4XqeGOXCv68tT+jb3vk/RyaKWP0PTKyWtmLSM0b+adUTEvbs1PEaH2w==

node-fetch@^2.6.1:
  version "2.6.6"
  resolved "https://registry.yarnpkg.com/node-fetch/-/node-fetch-2.6.6.tgz#1751a7c01834e8e1697758732e9efb6eeadfaf89"
  integrity sha512-Z8/6vRlTUChSdIgMa51jxQ4lrw/Jy5SOW10ObaA47/RElsAN2c5Pn8bTgFGWn/ibwzXTE8qwr1Yzx28vsecXEA==
  dependencies:
    whatwg-url "^5.0.0"

node-fetch@^3.1.0:
  version "3.1.0"
  resolved "https://registry.yarnpkg.com/node-fetch/-/node-fetch-3.1.0.tgz#714f4922dc270239487654eaeeab86b8206cb52e"
  integrity sha512-QU0WbIfMUjd5+MUzQOYhenAazakV7Irh1SGkWCsRzBwvm4fAhzEUaHMJ6QLP7gWT6WO9/oH2zhKMMGMuIrDyKw==
  dependencies:
    data-uri-to-buffer "^4.0.0"
    fetch-blob "^3.1.2"
    formdata-polyfill "^4.0.10"

on-exit-leak-free@^0.2.0:
  version "0.2.0"
  resolved "https://registry.yarnpkg.com/on-exit-leak-free/-/on-exit-leak-free-0.2.0.tgz#b39c9e3bf7690d890f4861558b0d7b90a442d209"
  integrity sha512-dqaz3u44QbRXQooZLTUKU41ZrzYrcvLISVgbrzbyCMxpmSLJvZ3ZamIJIZ29P6OhZIkNIQKosdeM6t1LYbA9hg==

once@^1.4.0:
  version "1.4.0"
  resolved "https://registry.yarnpkg.com/once/-/once-1.4.0.tgz#583b1aa775961d4b113ac17d9c50baef9dd76bd1"
  integrity sha1-WDsap3WWHUsROsF9nFC6753Xa9E=
  dependencies:
    wrappy "1"

ow@^0.27.0:
  version "0.27.0"
  resolved "https://registry.yarnpkg.com/ow/-/ow-0.27.0.tgz#d44da088e8184fa11de64b5813206f9f86ab68d0"
  integrity sha512-SGnrGUbhn4VaUGdU0EJLMwZWSupPmF46hnTRII7aCLCrqixTAC5eKo8kI4/XXf1eaaI8YEVT+3FeGNJI9himAQ==
  dependencies:
    "@sindresorhus/is" "^4.0.1"
    callsites "^3.1.0"
    dot-prop "^6.0.1"
    lodash.isequal "^4.5.0"
    type-fest "^1.2.1"
    vali-date "^1.0.0"

p-timeout@^4.1.0:
  version "4.1.0"
  resolved "https://registry.yarnpkg.com/p-timeout/-/p-timeout-4.1.0.tgz#788253c0452ab0ffecf18a62dff94ff1bd09ca0a"
  integrity sha512-+/wmHtzJuWii1sXn3HCuH/FTwGhrp4tmJTxSKJbfS+vkipci6osxXM5mY0jUiRzWKMTgUT8l7HFbeSwZAynqHw==

pino-abstract-transport@v0.5.0:
  version "0.5.0"
  resolved "https://registry.yarnpkg.com/pino-abstract-transport/-/pino-abstract-transport-0.5.0.tgz#4b54348d8f73713bfd14e3dc44228739aa13d9c0"
  integrity sha512-+KAgmVeqXYbTtU2FScx1XS3kNyfZ5TrXY07V96QnUSFqo2gAqlvmaxH67Lj7SWazqsMabf+58ctdTcBgnOLUOQ==
  dependencies:
    duplexify "^4.1.2"
    split2 "^4.0.0"

pino-std-serializers@^4.0.0:
  version "4.0.0"
  resolved "https://registry.yarnpkg.com/pino-std-serializers/-/pino-std-serializers-4.0.0.tgz#1791ccd2539c091ae49ce9993205e2cd5dbba1e2"
  integrity sha512-cK0pekc1Kjy5w9V2/n+8MkZwusa6EyyxfeQCB799CQRhRt/CqYKiWs5adeu8Shve2ZNffvfC/7J64A2PJo1W/Q==

pino@^7.5.1:
  version "7.5.1"
  resolved "https://registry.yarnpkg.com/pino/-/pino-7.5.1.tgz#6e4cd3389e9365caf64039d4b83dcfa84ed43fee"
  integrity sha512-Wzo2G7CLaRHKOz3+Ex006LC5Xi0xEUm+mwm/h0NKzuKZONdekcbmjXg7vWDoO8hVTGX+1RuUy2fwlzvZ24EI5A==
  dependencies:
    fast-redact "^3.0.0"
    fastify-warning "^0.2.0"
    get-caller-file "^2.0.5"
    on-exit-leak-free "^0.2.0"
    pino-abstract-transport v0.5.0
    pino-std-serializers "^4.0.0"
    quick-format-unescaped "^4.0.3"
    real-require "^0.1.0"
    safe-stable-stringify "^2.1.0"
    sonic-boom "^2.2.1"
    thread-stream "^0.13.0"

quick-format-unescaped@^4.0.3:
  version "4.0.4"
  resolved "https://registry.yarnpkg.com/quick-format-unescaped/-/quick-format-unescaped-4.0.4.tgz#93ef6dd8d3453cbc7970dd614fad4c5954d6b5a7"
  integrity sha512-tYC1Q1hgyRuHgloV/YXs2w15unPVh8qfu/qCTfhTYamaw7fyhumKa2yGpdSo87vY32rIclj+4fWYQXUMs9EHvg==

readable-stream@^3.1.1:
  version "3.6.0"
  resolved "https://registry.yarnpkg.com/readable-stream/-/readable-stream-3.6.0.tgz#337bbda3adc0706bd3e024426a286d4b4b2c9198"
  integrity sha512-BViHy7LKeTz4oNnkcLJ+lVSL6vpiFeX6/d3oSH8zCW7UxP2onchk+vTGB143xuFjHS3deTgkKoXXymXqymiIdA==
  dependencies:
    inherits "^2.0.3"
    string_decoder "^1.1.1"
    util-deprecate "^1.0.1"

real-require@^0.1.0:
  version "0.1.0"
  resolved "https://registry.yarnpkg.com/real-require/-/real-require-0.1.0.tgz#736ac214caa20632847b7ca8c1056a0767df9381"
  integrity sha512-r/H9MzAWtrv8aSVjPCMFpDMl5q66GqtmmRkRjpHTsp4zBAa+snZyiQNlMONiUmEJcsnaw0wCauJ2GWODr/aFkg==

safe-buffer@~5.2.0:
  version "5.2.1"
  resolved "https://registry.yarnpkg.com/safe-buffer/-/safe-buffer-5.2.1.tgz#1eaf9fa9bdb1fdd4ec75f58f9cdb4e6b7827eec6"
  integrity sha512-rp3So07KcdmmKbGvgaNxQSJr7bGVSVk5S9Eq1F+ppbRo70+YeaDxkw5Dd8NPN+GD6bjnYm2VuPuCXmpuYvmCXQ==

safe-compare@^1.1.4:
  version "1.1.4"
  resolved "https://registry.yarnpkg.com/safe-compare/-/safe-compare-1.1.4.tgz#5e0128538a82820e2e9250cd78e45da6786ba593"
  integrity sha512-b9wZ986HHCo/HbKrRpBJb2kqXMK9CEWIE1egeEvZsYn69ay3kdfl9nG3RyOcR+jInTDf7a86WQ1d4VJX7goSSQ==
  dependencies:
    buffer-alloc "^1.2.0"

safe-stable-stringify@^2.1.0:
  version "2.3.0"
  resolved "https://registry.yarnpkg.com/safe-stable-stringify/-/safe-stable-stringify-2.3.0.tgz#d09eb692386d7faa846d78922605c67cc0ab9c1c"
  integrity sha512-VFlmNrvZ44a0QnRY2yfEIUhbMh8BjTFWf2mRG/8mCEAKTfQYV8xxfn6P+00OLej0gznC5C+hfgcEF7AGrN5Stw==

sandwich-stream@^2.0.2:
  version "2.0.2"
  resolved "https://registry.yarnpkg.com/sandwich-stream/-/sandwich-stream-2.0.2.tgz#6d1feb6cf7e9fe9fadb41513459a72c2e84000fa"
  integrity sha512-jLYV0DORrzY3xaz/S9ydJL6Iz7essZeAfnAavsJ+zsJGZ1MOnsS52yRjU3uF3pJa/lla7+wisp//fxOwOH8SKQ==

sonic-boom@^2.2.1:
  version "2.4.1"
  resolved "https://registry.yarnpkg.com/sonic-boom/-/sonic-boom-2.4.1.tgz#6e1c3762c677425c6ffbd7bd106c4f8258b45b39"
  integrity sha512-WgtVLfGl347/zS1oTuLaOAvVD5zijgjphAJHgbbnBJGgexnr+C1ULSj0j7ftoGxpuxR4PaV635NkwFemG8m/5w==
  dependencies:
    atomic-sleep "^1.0.0"

split2@^4.0.0:
  version "4.1.0"
  resolved "https://registry.yarnpkg.com/split2/-/split2-4.1.0.tgz#101907a24370f85bb782f08adaabe4e281ecf809"
  integrity sha512-VBiJxFkxiXRlUIeyMQi8s4hgvKCSjtknJv/LVYbrgALPwf5zSKmEwV9Lst25AkvMDnvxODugjdl6KZgwKM1WYQ==

stream-shift@^1.0.0:
  version "1.0.1"
  resolved "https://registry.yarnpkg.com/stream-shift/-/stream-shift-1.0.1.tgz#d7088281559ab2778424279b0877da3c392d5a3d"
  integrity sha512-AiisoFqQ0vbGcZgQPY1cdP2I76glaVA/RauYR4G4thNFgkTqr90yXTo4LYX60Jl+sIlPNHHdGSwo01AvbKUSVQ==

string_decoder@^1.1.1:
  version "1.3.0"
  resolved "https://registry.yarnpkg.com/string_decoder/-/string_decoder-1.3.0.tgz#42f114594a46cf1a8e30b0a84f56c78c3edac21e"
  integrity sha512-hkRX8U1WjJFd8LsDJ2yQ/wWWxaopEsABU1XfkM8A+j0+85JAGppt16cr1Whg6KIbb4okU6Mql6BOj+uup/wKeA==
  dependencies:
    safe-buffer "~5.2.0"

telegraf@^4.4.2:
  version "4.4.2"
  resolved "https://registry.yarnpkg.com/telegraf/-/telegraf-4.4.2.tgz#dd1b99a50593de303c8f47bbe98201a93a125f31"
  integrity sha512-OGt9w1LbxYUOsRk3htAavBnL9hqWycmJNiOmS74oARzxKFnYS/MdwW8b5CX9VLCJt537AXkm8/eBNiEYD8E7lQ==
  dependencies:
    abort-controller "^3.0.0"
    debug "^4.3.1"
    minimist "^1.2.5"
    module-alias "^2.2.2"
    node-fetch "^2.6.1"
    p-timeout "^4.1.0"
    safe-compare "^1.1.4"
    sandwich-stream "^2.0.2"
    typegram "^3.4.2"

thread-stream@^0.13.0:
  version "0.13.0"
  resolved "https://registry.yarnpkg.com/thread-stream/-/thread-stream-0.13.0.tgz#c68054bdea250c5d8d400caa3233a150d5461cca"
  integrity sha512-kTMZeX4Dzlb1zZ00/01aerGaTw2i8NE4sWF0TvF1uXewRhCiUjCvatQkvxIvFqauWG2ADFS2Wpd3qBeYL9i3dg==
  dependencies:
    real-require "^0.1.0"

tr46@~0.0.3:
  version "0.0.3"
  resolved "https://registry.yarnpkg.com/tr46/-/tr46-0.0.3.tgz#8184fd347dac9cdc185992f3a6622e14b9d9ab6a"
  integrity sha1-gYT9NH2snNwYWZLzpmIuFLnZq2o=

ts-mixer@^6.0.0:
  version "6.0.0"
  resolved "https://registry.yarnpkg.com/ts-mixer/-/ts-mixer-6.0.0.tgz#4e631d3a36e3fa9521b973b132e8353bc7267f9f"
  integrity sha512-nXIb1fvdY5CBSrDIblLn73NW0qRDk5yJ0Sk1qPBF560OdJfQp9jhl+0tzcY09OZ9U+6GpeoI9RjwoIKFIoB9MQ==

tslib@^2.3.0, tslib@^2.3.1:
  version "2.3.1"
  resolved "https://registry.yarnpkg.com/tslib/-/tslib-2.3.1.tgz#e8a335add5ceae51aa261d32a490158ef042ef01"
  integrity sha512-77EbyPPpMz+FRFRuAFlWMtmgUWGe9UOG2Z25NqCwiIjRhOf5iKGuzSe5P2w1laq+FkRy4p+PCuVkJSGkzTEKVw==

type-fest@^1.2.1:
  version "1.4.0"
  resolved "https://registry.yarnpkg.com/type-fest/-/type-fest-1.4.0.tgz#e9fb813fe3bf1744ec359d55d1affefa76f14be1"
  integrity sha512-yGSza74xk0UG8k+pLh5oeoYirvIiWo5t0/o3zHHAO2tRDiZcxWP7fywNlXhqb6/r6sWvwi+RsyQMWhVLe4BVuA==

typegram@^3.4.2:
  version "3.5.1"
  resolved "https://registry.yarnpkg.com/typegram/-/typegram-3.5.1.tgz#802ff7d2f29c6ea6917ffab4a7d02814af29e47d"
  integrity sha512-cDCj4KMycgpdoDihK9LbJbLBBrZdDDQskR4aeoLawyk6YS2GXmr4jncGQGvu6Wav1iNTGvSDwr4b3ipLHh1edA==

typescript@^4.5.2:
  version "4.5.2"
  resolved "https://registry.yarnpkg.com/typescript/-/typescript-4.5.2.tgz#8ac1fba9f52256fdb06fb89e4122fa6a346c2998"
  integrity sha512-5BlMof9H1yGt0P8/WF+wPNw6GfctgGjXp5hkblpyT+8rkASSmkUKMXrxR0Xg8ThVCi/JnHQiKXeBaEwCeQwMFw==

util-deprecate@^1.0.1:
  version "1.0.2"
  resolved "https://registry.yarnpkg.com/util-deprecate/-/util-deprecate-1.0.2.tgz#450d4dc9fa70de732762fbd2d4a28981419a0ccf"
  integrity sha1-RQ1Nyfpw3nMnYvvS1KKJgUGaDM8=

uuid@^8.3.2:
  version "8.3.2"
  resolved "https://registry.yarnpkg.com/uuid/-/uuid-8.3.2.tgz#80d5b5ced271bb9af6c445f21a1a04c606cefbe2"
  integrity sha512-+NYs2QeMWy+GWFOEm9xnn6HCDp0l7QBD7ml8zLUmJ+93Q5NF0NocErnwkTkXVFNiX3/fpC6afS8Dhb/gz7R7eg==

vali-date@^1.0.0:
  version "1.0.0"
  resolved "https://registry.yarnpkg.com/vali-date/-/vali-date-1.0.0.tgz#1b904a59609fb328ef078138420934f6b86709a6"
  integrity sha1-G5BKWWCfsyjvB4E4Qgk09rhnCaY=

web-streams-polyfill@^3.0.3:
  version "3.2.0"
  resolved "https://registry.yarnpkg.com/web-streams-polyfill/-/web-streams-polyfill-3.2.0.tgz#a6b74026b38e4885869fb5c589e90b95ccfc7965"
  integrity sha512-EqPmREeOzttaLRm5HS7io98goBgZ7IVz79aDvqjD0kYXLtFZTc0T/U6wHTPKyIjb+MdN7DFIIX6hgdBEpWmfPA==

webidl-conversions@^3.0.0:
  version "3.0.1"
  resolved "https://registry.yarnpkg.com/webidl-conversions/-/webidl-conversions-3.0.1.tgz#24534275e2a7bc6be7bc86611cc16ae0a5654871"
  integrity sha1-JFNCdeKnvGvnvIZhHMFq4KVlSHE=

whatwg-url@^5.0.0:
  version "5.0.0"
  resolved "https://registry.yarnpkg.com/whatwg-url/-/whatwg-url-5.0.0.tgz#966454e8765462e37644d3626f6742ce8b70965d"
  integrity sha1-lmRU6HZUYuN2RNNib2dCzotwll0=
  dependencies:
    tr46 "~0.0.3"
    webidl-conversions "^3.0.0"

wrappy@1:
  version "1.0.2"
  resolved "https://registry.yarnpkg.com/wrappy/-/wrappy-1.0.2.tgz#b5243d8f3ec1aa35f1364605bc0d1036e30ab69f"
  integrity sha1-tSQ9jz7BqjXxNkYFvA0QNuMKtp8=

ws@^8.2.3:
  version "8.3.0"
  resolved "https://registry.yarnpkg.com/ws/-/ws-8.3.0.tgz#7185e252c8973a60d57170175ff55fdbd116070d"
  integrity sha512-Gs5EZtpqZzLvmIM59w4igITU57lrtYVFneaa434VROv4thzJyV6UjIL3D42lslWlI+D4KzLYnxSwtfuiO79sNw==

zod@^3.11.6:
  version "3.11.6"
  resolved "https://registry.yarnpkg.com/zod/-/zod-3.11.6.tgz#e43a5e0c213ae2e02aefe7cb2b1a6fa3d7f1f483"
  integrity sha512-daZ80A81I3/9lIydI44motWe6n59kRBfNzTuS2bfzVh1nAXi667TOTWWtatxyG+fwgNUiagSj/CWZwRRbevJIg==
